
Microsoft Visual Studio Solution File, Format Version 12.00
# Visual Studio 15
VisualStudioVersion = 15.0.26430.15
MinimumVisualStudioVersion = 10.0.40219.1
Project("{FAE04EC0-301F-11D3-BF4B-00C04F79EFBC}") = "Core.UsuallyCommon", "Core.UsuallyCommon\Core.UsuallyCommon.csproj", "{7E628CEB-D723-4E02-8267-5FDA53440334}"
EndProject
Project("{FAE04EC0-301F-11D3-BF4B-00C04F79EFBC}") = "Core.Test", "Core.Test\Core.Test.csproj", "{19981860-7F12-45AD-A846-7B4EAD35012F}"
EndProject
Project("{FAE04EC0-301F-11D3-BF4B-00C04F79EFBC}") = "Core.EntityFramework", "Core.EntityFramework\Core.EntityFramework.csproj", "{C06B2395-FB08-49CE-AB7D-7E6504014345}"
EndProject
Project("{FAE04EC0-301F-11D3-BF4B-00C04F79EFBC}") = "Core.GeneratorWindows", "Core.GeneratorWindows\Core.GeneratorWindows.csproj", "{F5611951-53C6-462B-AC3C-B04BD11F1067}"
EndProject
Project("{2150E333-8FDC-42A3-9474-1A3956D46DE8}") = "Solution Items", "Solution Items", "{790DBE79-D6A7-4D6E-9A07-B921A289D0A0}"
EndProject
Project("{2150E333-8FDC-42A3-9474-1A3956D46DE8}") = "Toos", "Toos", "{D985C98E-5B3D-4437-B0CC-F3D5F380BC40}"
EndProject
Project("{FAE04EC0-301F-11D3-BF4B-00C04F79EFBC}") = "WindowTools", "WindowTools\WindowTools.csproj", "{24EC5F9A-1497-4C41-8B1B-E8DE5C7C9B09}"
EndProject
Project("{2150E333-8FDC-42A3-9474-1A3956D46DE8}") = "Generator", "Generator", "{4D9A7BC7-87DB-4DF7-AEC1-BD2447FDC97B}"
EndProject
Project("{FAE04EC0-301F-11D3-BF4B-00C04F79EFBC}") = "Core.VsixGenerator", "Core.VsixGenerator\Core.VsixGenerator.csproj", "{D3F3748C-3338-48DA-8408-DD9CE6949A48}"
EndProject
Project("{2150E333-8FDC-42A3-9474-1A3956D46DE8}") = "Work", "Work", "{9068C8FB-3137-4F79-8215-04FEFEFED744}"
EndProject
Project("{FAE04EC0-301F-11D3-BF4B-00C04F79EFBC}") = "Works", "Works\Works.csproj", "{4EBEEDA2-694E-4F01-968D-5A75B6421070}"
EndProject
Project("{2150E333-8FDC-42A3-9474-1A3956D46DE8}") = "Gril", "Gril", "{7197B4F9-D9A6-4431-9F8A-A3E6D8E55F22}"
EndProject
Project("{FAE04EC0-301F-11D3-BF4B-00C04F79EFBC}") = "WebCore", "WebCore\WebCore.csproj", "{C481FDC5-5DB7-4786-B365-E390804E29A3}"
EndProject
Project("{FAE04EC0-301F-11D3-BF4B-00C04F79EFBC}") = "Work.EntityFramework", "Work.EntityFramework\Work.EntityFramework.csproj", "{5AF6E091-9DFB-4C1E-B6D9-704555562F95}"
EndProject
Project("{FAE04EC0-301F-11D3-BF4B-00C04F79EFBC}") = "NotWorks", "NotWorks\NotWorks.csproj", "{CA0B2312-1F70-433E-A5D4-181C1820A19D}"
EndProject
Global
	GlobalSection(SolutionConfigurationPlatforms) = preSolution
		Debug|Any CPU = Debug|Any CPU
		Debug|x86 = Debug|x86
		Release (Packed)|Any CPU = Release (Packed)|Any CPU
		Release (Packed)|x86 = Release (Packed)|x86
		Release|Any CPU = Release|Any CPU
		Release|x86 = Release|x86
	EndGlobalSection
	GlobalSection(ProjectConfigurationPlatforms) = postSolution
		{7E628CEB-D723-4E02-8267-5FDA53440334}.Debug|Any CPU.ActiveCfg = Debug|Any CPU
		{7E628CEB-D723-4E02-8267-5FDA53440334}.Debug|Any CPU.Build.0 = Debug|Any CPU
		{7E628CEB-D723-4E02-8267-5FDA53440334}.Debug|x86.ActiveCfg = Debug|Any CPU
		{7E628CEB-D723-4E02-8267-5FDA53440334}.Debug|x86.Build.0 = Debug|Any CPU
		{7E628CEB-D723-4E02-8267-5FDA53440334}.Release (Packed)|Any CPU.ActiveCfg = Release|Any CPU
		{7E628CEB-D723-4E02-8267-5FDA53440334}.Release (Packed)|Any CPU.Build.0 = Release|Any CPU
		{7E628CEB-D723-4E02-8267-5FDA53440334}.Release (Packed)|x86.ActiveCfg = Release|Any CPU
		{7E628CEB-D723-4E02-8267-5FDA53440334}.Release (Packed)|x86.Build.0 = Release|Any CPU
		{7E628CEB-D723-4E02-8267-5FDA53440334}.Release|Any CPU.ActiveCfg = Release|Any CPU
		{7E628CEB-D723-4E02-8267-5FDA53440334}.Release|Any CPU.Build.0 = Release|Any CPU
		{7E628CEB-D723-4E02-8267-5FDA53440334}.Release|x86.ActiveCfg = Release|Any CPU
		{7E628CEB-D723-4E02-8267-5FDA53440334}.Release|x86.Build.0 = Release|Any CPU
		{19981860-7F12-45AD-A846-7B4EAD35012F}.Debug|Any CPU.ActiveCfg = Debug|Any CPU
		{19981860-7F12-45AD-A846-7B4EAD35012F}.Debug|Any CPU.Build.0 = Debug|Any CPU
		{19981860-7F12-45AD-A846-7B4EAD35012F}.Debug|x86.ActiveCfg = Debug|Any CPU
		{19981860-7F12-45AD-A846-7B4EAD35012F}.Debug|x86.Build.0 = Debug|Any CPU
		{19981860-7F12-45AD-A846-7B4EAD35012F}.Release (Packed)|Any CPU.ActiveCfg = Release|Any CPU
		{19981860-7F12-45AD-A846-7B4EAD35012F}.Release (Packed)|Any CPU.Build.0 = Release|Any CPU
		{19981860-7F12-45AD-A846-7B4EAD35012F}.Release (Packed)|x86.ActiveCfg = Release|Any CPU
		{19981860-7F12-45AD-A846-7B4EAD35012F}.Release (Packed)|x86.Build.0 = Release|Any CPU
		{19981860-7F12-45AD-A846-7B4EAD35012F}.Release|Any CPU.ActiveCfg = Release|Any CPU
		{19981860-7F12-45AD-A846-7B4EAD35012F}.Release|Any CPU.Build.0 = Release|Any CPU
		{19981860-7F12-45AD-A846-7B4EAD35012F}.Release|x86.ActiveCfg = Release|Any CPU
		{19981860-7F12-45AD-A846-7B4EAD35012F}.Release|x86.Build.0 = Release|Any CPU
		{C06B2395-FB08-49CE-AB7D-7E6504014345}.Debug|Any CPU.ActiveCfg = Debug|Any CPU
		{C06B2395-FB08-49CE-AB7D-7E6504014345}.Debug|Any CPU.Build.0 = Debug|Any CPU
		{C06B2395-FB08-49CE-AB7D-7E6504014345}.Debug|x86.ActiveCfg = Debug|Any CPU
		{C06B2395-FB08-49CE-AB7D-7E6504014345}.Debug|x86.Build.0 = Debug|Any CPU
		{C06B2395-FB08-49CE-AB7D-7E6504014345}.Release (Packed)|Any CPU.ActiveCfg = Release|Any CPU
		{C06B2395-FB08-49CE-AB7D-7E6504014345}.Release (Packed)|Any CPU.Build.0 = Release|Any CPU
		{C06B2395-FB08-49CE-AB7D-7E6504014345}.Release (Packed)|x86.ActiveCfg = Release|Any CPU
		{C06B2395-FB08-49CE-AB7D-7E6504014345}.Release (Packed)|x86.Build.0 = Release|Any CPU
		{C06B2395-FB08-49CE-AB7D-7E6504014345}.Release|Any CPU.ActiveCfg = Release|Any CPU
		{C06B2395-FB08-49CE-AB7D-7E6504014345}.Release|Any CPU.Build.0 = Release|Any CPU
		{C06B2395-FB08-49CE-AB7D-7E6504014345}.Release|x86.ActiveCfg = Release|Any CPU
		{C06B2395-FB08-49CE-AB7D-7E6504014345}.Release|x86.Build.0 = Release|Any CPU
		{F5611951-53C6-462B-AC3C-B04BD11F1067}.Debug|Any CPU.ActiveCfg = Debug|Any CPU
		{F5611951-53C6-462B-AC3C-B04BD11F1067}.Debug|Any CPU.Build.0 = Debug|Any CPU
		{F5611951-53C6-462B-AC3C-B04BD11F1067}.Debug|x86.ActiveCfg = Debug|Any CPU
		{F5611951-53C6-462B-AC3C-B04BD11F1067}.Debug|x86.Build.0 = Debug|Any CPU
		{F5611951-53C6-462B-AC3C-B04BD11F1067}.Release (Packed)|Any CPU.ActiveCfg = Release|Any CPU
		{F5611951-53C6-462B-AC3C-B04BD11F1067}.Release (Packed)|Any CPU.Build.0 = Release|Any CPU
		{F5611951-53C6-462B-AC3C-B04BD11F1067}.Release (Packed)|x86.ActiveCfg = Release|Any CPU
		{F5611951-53C6-462B-AC3C-B04BD11F1067}.Release (Packed)|x86.Build.0 = Release|Any CPU
		{F5611951-53C6-462B-AC3C-B04BD11F1067}.Release|Any CPU.ActiveCfg = Release|Any CPU
		{F5611951-53C6-462B-AC3C-B04BD11F1067}.Release|Any CPU.Build.0 = Release|Any CPU
		{F5611951-53C6-462B-AC3C-B04BD11F1067}.Release|x86.ActiveCfg = Release|Any CPU
		{F5611951-53C6-462B-AC3C-B04BD11F1067}.Release|x86.Build.0 = Release|Any CPU
		{24EC5F9A-1497-4C41-8B1B-E8DE5C7C9B09}.Debug|Any CPU.ActiveCfg = Debug|Any CPU
		{24EC5F9A-1497-4C41-8B1B-E8DE5C7C9B09}.Debug|Any CPU.Build.0 = Debug|Any CPU
		{24EC5F9A-1497-4C41-8B1B-E8DE5C7C9B09}.Debug|x86.ActiveCfg = Debug|Any CPU
		{24EC5F9A-1497-4C41-8B1B-E8DE5C7C9B09}.Debug|x86.Build.0 = Debug|Any CPU
		{24EC5F9A-1497-4C41-8B1B-E8DE5C7C9B09}.Release (Packed)|Any CPU.ActiveCfg = Release|Any CPU
		{24EC5F9A-1497-4C41-8B1B-E8DE5C7C9B09}.Release (Packed)|Any CPU.Build.0 = Release|Any CPU
		{24EC5F9A-1497-4C41-8B1B-E8DE5C7C9B09}.Release (Packed)|x86.ActiveCfg = Release|Any CPU
		{24EC5F9A-1497-4C41-8B1B-E8DE5C7C9B09}.Release (Packed)|x86.Build.0 = Release|Any CPU
		{24EC5F9A-1497-4C41-8B1B-E8DE5C7C9B09}.Release|Any CPU.ActiveCfg = Release|Any CPU
		{24EC5F9A-1497-4C41-8B1B-E8DE5C7C9B09}.Release|Any CPU.Build.0 = Release|Any CPU
		{24EC5F9A-1497-4C41-8B1B-E8DE5C7C9B09}.Release|x86.ActiveCfg = Release|Any CPU
		{24EC5F9A-1497-4C41-8B1B-E8DE5C7C9B09}.Release|x86.Build.0 = Release|Any CPU
		{D3F3748C-3338-48DA-8408-DD9CE6949A48}.Debug|Any CPU.ActiveCfg = Debug|Any CPU
		{D3F3748C-3338-48DA-8408-DD9CE6949A48}.Debug|Any CPU.Build.0 = Debug|Any CPU
		{D3F3748C-3338-48DA-8408-DD9CE6949A48}.Debug|x86.ActiveCfg = Debug|Any CPU
		{D3F3748C-3338-48DA-8408-DD9CE6949A48}.Debug|x86.Build.0 = Debug|Any CPU
		{D3F3748C-3338-48DA-8408-DD9CE6949A48}.Release (Packed)|Any CPU.ActiveCfg = Release|Any CPU
		{D3F3748C-3338-48DA-8408-DD9CE6949A48}.Release (Packed)|Any CPU.Build.0 = Release|Any CPU
		{D3F3748C-3338-48DA-8408-DD9CE6949A48}.Release (Packed)|x86.ActiveCfg = Release|Any CPU
		{D3F3748C-3338-48DA-8408-DD9CE6949A48}.Release (Packed)|x86.Build.0 = Release|Any CPU
		{D3F3748C-3338-48DA-8408-DD9CE6949A48}.Release|Any CPU.ActiveCfg = Release|Any CPU
		{D3F3748C-3338-48DA-8408-DD9CE6949A48}.Release|Any CPU.Build.0 = Release|Any CPU
		{D3F3748C-3338-48DA-8408-DD9CE6949A48}.Release|x86.ActiveCfg = Release|Any CPU
		{D3F3748C-3338-48DA-8408-DD9CE6949A48}.Release|x86.Build.0 = Release|Any CPU
		{4EBEEDA2-694E-4F01-968D-5A75B6421070}.Debug|Any CPU.ActiveCfg = Debug|Any CPU
		{4EBEEDA2-694E-4F01-968D-5A75B6421070}.Debug|Any CPU.Build.0 = Debug|Any CPU
		{4EBEEDA2-694E-4F01-968D-5A75B6421070}.Debug|x86.ActiveCfg = Debug|Any CPU
		{4EBEEDA2-694E-4F01-968D-5A75B6421070}.Debug|x86.Build.0 = Debug|Any CPU
		{4EBEEDA2-694E-4F01-968D-5A75B6421070}.Release (Packed)|Any CPU.ActiveCfg = Release|Any CPU
		{4EBEEDA2-694E-4F01-968D-5A75B6421070}.Release (Packed)|Any CPU.Build.0 = Release|Any CPU
		{4EBEEDA2-694E-4F01-968D-5A75B6421070}.Release (Packed)|x86.ActiveCfg = Release|Any CPU
		{4EBEEDA2-694E-4F01-968D-5A75B6421070}.Release (Packed)|x86.Build.0 = Release|Any CPU
		{4EBEEDA2-694E-4F01-968D-5A75B6421070}.Release|Any CPU.ActiveCfg = Release|Any CPU
		{4EBEEDA2-694E-4F01-968D-5A75B6421070}.Release|Any CPU.Build.0 = Release|Any CPU
		{4EBEEDA2-694E-4F01-968D-5A75B6421070}.Release|x86.ActiveCfg = Release|Any CPU
		{4EBEEDA2-694E-4F01-968D-5A75B6421070}.Release|x86.Build.0 = Release|Any CPU
		{C481FDC5-5DB7-4786-B365-E390804E29A3}.Debug|Any CPU.ActiveCfg = Debug|Any CPU
		{C481FDC5-5DB7-4786-B365-E390804E29A3}.Debug|Any CPU.Build.0 = Debug|Any CPU
		{C481FDC5-5DB7-4786-B365-E390804E29A3}.Debug|x86.ActiveCfg = Debug|Any CPU
		{C481FDC5-5DB7-4786-B365-E390804E29A3}.Debug|x86.Build.0 = Debug|Any CPU
		{C481FDC5-5DB7-4786-B365-E390804E29A3}.Release (Packed)|Any CPU.ActiveCfg = Release|Any CPU
		{C481FDC5-5DB7-4786-B365-E390804E29A3}.Release (Packed)|Any CPU.Build.0 = Release|Any CPU
		{C481FDC5-5DB7-4786-B365-E390804E29A3}.Release (Packed)|x86.ActiveCfg = Release|Any CPU
		{C481FDC5-5DB7-4786-B365-E390804E29A3}.Release (Packed)|x86.Build.0 = Release|Any CPU
		{C481FDC5-5DB7-4786-B365-E390804E29A3}.Release|Any CPU.ActiveCfg = Release|Any CPU
		{C481FDC5-5DB7-4786-B365-E390804E29A3}.Release|Any CPU.Build.0 = Release|Any CPU
		{C481FDC5-5DB7-4786-B365-E390804E29A3}.Release|x86.ActiveCfg = Release|Any CPU
		{C481FDC5-5DB7-4786-B365-E390804E29A3}.Release|x86.Build.0 = Release|Any CPU
		{5AF6E091-9DFB-4C1E-B6D9-704555562F95}.Debug|Any CPU.ActiveCfg = Debug|Any CPU
		{5AF6E091-9DFB-4C1E-B6D9-704555562F95}.Debug|Any CPU.Build.0 = Debug|Any CPU
		{5AF6E091-9DFB-4C1E-B6D9-704555562F95}.Debug|x86.ActiveCfg = Debug|Any CPU
		{5AF6E091-9DFB-4C1E-B6D9-704555562F95}.Debug|x86.Build.0 = Debug|Any CPU
		{5AF6E091-9DFB-4C1E-B6D9-704555562F95}.Release (Packed)|Any CPU.ActiveCfg = Release|Any CPU
		{5AF6E091-9DFB-4C1E-B6D9-704555562F95}.Release (Packed)|Any CPU.Build.0 = Release|Any CPU
		{5AF6E091-9DFB-4C1E-B6D9-704555562F95}.Release (Packed)|x86.ActiveCfg = Release|Any CPU
		{5AF6E091-9DFB-4C1E-B6D9-704555562F95}.Release (Packed)|x86.Build.0 = Release|Any CPU
		{5AF6E091-9DFB-4C1E-B6D9-704555562F95}.Release|Any CPU.ActiveCfg = Release|Any CPU
		{5AF6E091-9DFB-4C1E-B6D9-704555562F95}.Release|Any CPU.Build.0 = Release|Any CPU
		{5AF6E091-9DFB-4C1E-B6D9-704555562F95}.Release|x86.ActiveCfg = Release|Any CPU
		{5AF6E091-9DFB-4C1E-B6D9-704555562F95}.Release|x86.Build.0 = Release|Any CPU
		{CA0B2312-1F70-433E-A5D4-181C1820A19D}.Debug|Any CPU.ActiveCfg = Debug|Any CPU
		{CA0B2312-1F70-433E-A5D4-181C1820A19D}.Debug|Any CPU.Build.0 = Debug|Any CPU
		{CA0B2312-1F70-433E-A5D4-181C1820A19D}.Debug|x86.ActiveCfg = Debug|Any CPU
		{CA0B2312-1F70-433E-A5D4-181C1820A19D}.Debug|x86.Build.0 = Debug|Any CPU
		{CA0B2312-1F70-433E-A5D4-181C1820A19D}.Release (Packed)|Any CPU.ActiveCfg = Release|Any CPU
		{CA0B2312-1F70-433E-A5D4-181C1820A19D}.Release (Packed)|Any CPU.Build.0 = Release|Any CPU
		{CA0B2312-1F70-433E-A5D4-181C1820A19D}.Release (Packed)|x86.ActiveCfg = Release|Any CPU
		{CA0B2312-1F70-433E-A5D4-181C1820A19D}.Release (Packed)|x86.Build.0 = Release|Any CPU
		{CA0B2312-1F70-433E-A5D4-181C1820A19D}.Release|Any CPU.ActiveCfg = Release|Any CPU
		{CA0B2312-1F70-433E-A5D4-181C1820A19D}.Release|Any CPU.Build.0 = Release|Any CPU
		{CA0B2312-1F70-433E-A5D4-181C1820A19D}.Release|x86.ActiveCfg = Release|Any CPU
		{CA0B2312-1F70-433E-A5D4-181C1820A19D}.Release|x86.Build.0 = Release|Any CPU
	EndGlobalSection
	GlobalSection(SolutionProperties) = preSolution
		HideSolutionNode = FALSE
	EndGlobalSection
	GlobalSection(NestedProjects) = preSolution
		{C06B2395-FB08-49CE-AB7D-7E6504014345} = {4D9A7BC7-87DB-4DF7-AEC1-BD2447FDC97B}
		{F5611951-53C6-462B-AC3C-B04BD11F1067} = {4D9A7BC7-87DB-4DF7-AEC1-BD2447FDC97B}
		{24EC5F9A-1497-4C41-8B1B-E8DE5C7C9B09} = {D985C98E-5B3D-4437-B0CC-F3D5F380BC40}
		{D3F3748C-3338-48DA-8408-DD9CE6949A48} = {4D9A7BC7-87DB-4DF7-AEC1-BD2447FDC97B}
		{4EBEEDA2-694E-4F01-968D-5A75B6421070} = {9068C8FB-3137-4F79-8215-04FEFEFED744}
		{C481FDC5-5DB7-4786-B365-E390804E29A3} = {7197B4F9-D9A6-4431-9F8A-A3E6D8E55F22}
		{5AF6E091-9DFB-4C1E-B6D9-704555562F95} = {9068C8FB-3137-4F79-8215-04FEFEFED744}
		{CA0B2312-1F70-433E-A5D4-181C1820A19D} = {9068C8FB-3137-4F79-8215-04FEFEFED744}
	EndGlobalSection
	GlobalSection(ExtensibilityGlobals) = postSolution
		SolutionGuid = {58AE8572-E586-4E48-A0E3-E8AA77E982D4}
	EndGlobalSection
EndGlobal
